
Microsoft Visual Studio Solution File, Format Version 12.00
# Visual Studio 15
VisualStudioVersion = 15.0.28307.960
MinimumVisualStudioVersion = 10.0.40219.1
Project("{8BC9CEB8-8B4A-11D0-8D11-00A0C91BC942}") = "MFCApplication", "MFCApplication\MFCApplication.vcxproj", "{C27C9CB7-B56F-48C5-A2B4-92D59957A0D9}"
EndProject
Project("{8BC9CEB8-8B4A-11D0-8D11-00A0C91BC942}") = "WindowsProject", "WindowsProject\WindowsProject.vcxproj", "{6566C030-251F-4EE2-9693-B00406F88232}"
EndProject
Global
	GlobalSection(SolutionConfigurationPlatforms) = preSolution
		Debug|x64 = Debug|x64
		Debug|x86 = Debug|x86
		Release|x64 = Release|x64
		Release|x86 = Release|x86
	EndGlobalSection
	GlobalSection(ProjectConfigurationPlatforms) = postSolution
		{C27C9CB7-B56F-48C5-A2B4-92D59957A0D9}.Debug|x64.ActiveCfg = Debug|x64
		{C27C9CB7-B56F-48C5-A2B4-92D59957A0D9}.Debug|x64.Build.0 = Debug|x64
		{C27C9CB7-B56F-48C5-A2B4-92D59957A0D9}.Debug|x86.ActiveCfg = Debug|Win32
		{C27C9CB7-B56F-48C5-A2B4-92D59957A0D9}.Debug|x86.Build.0 = Debug|Win32
		{C27C9CB7-B56F-48C5-A2B4-92D59957A0D9}.Release|x64.ActiveCfg = Release|x64
		{C27C9CB7-B56F-48C5-A2B4-92D59957A0D9}.Release|x64.Build.0 = Release|x64
		{C27C9CB7-B56F-48C5-A2B4-92D59957A0D9}.Release|x86.ActiveCfg = Release|Win32
		{C27C9CB7-B56F-48C5-A2B4-92D59957A0D9}.Release|x86.Build.0 = Release|Win32
		{6566C030-251F-4EE2-9693-B00406F88232}.Debug|x64.ActiveCfg = Debug|x64
		{6566C030-251F-4EE2-9693-B00406F88232}.Debug|x64.Build.0 = Debug|x64
		{6566C030-251F-4EE2-9693-B00406F88232}.Debug|x86.ActiveCfg = Debug|Win32
		{6566C030-251F-4EE2-9693-B00406F88232}.Debug|x86.Build.0 = Debug|Win32
		{6566C030-251F-4EE2-9693-B00406F88232}.Release|x64.ActiveCfg = Release|x64
		{6566C030-251F-4EE2-9693-B00406F88232}.Release|x64.Build.0 = Release|x64
		{6566C030-251F-4EE2-9693-B00406F88232}.Release|x86.ActiveCfg = Release|Win32
		{6566C030-251F-4EE2-9693-B00406F88232}.Release|x86.Build.0 = Release|Win32
	EndGlobalSection
	GlobalSection(SolutionProperties) = preSolution
		HideSolutionNode = FALSE
	EndGlobalSection
	GlobalSection(ExtensibilityGlobals) = postSolution
		SolutionGuid = {DF97A6C2-B09E-4079-98EC-AC9D3C088D89}
	EndGlobalSection
EndGlobal
